
Microsoft Visual Studio Solution File, Format Version 12.00
# Visual Studio Version 17
VisualStudioVersion = 17.9.34723.18
MinimumVisualStudioVersion = 10.0.40219.1
Project("{FAE04EC0-301F-11D3-BF4B-00C04F79EFBC}") = "MobileCompany", "MobileCompany\MobileCompany.csproj", "{3E1E5B38-DFCC-4679-A5C2-90A31C251301}"
EndProject
Project("{FAE04EC0-301F-11D3-BF4B-00C04F79EFBC}") = "MobileCompany.Models", "MobileCompany.Models\MobileCompany.Models.csproj", "{AB0E9D53-BDB0-4B9F-8D6C-7C0A217B5502}"
EndProject
Project("{FAE04EC0-301F-11D3-BF4B-00C04F79EFBC}") = "MobileCompany.ViewModels", "MobileCompany.ViewModels\MobileCompany.ViewModels.csproj", "{E427DB1C-3BFA-4B54-BA8F-135F5E31C747}"
EndProject
Project("{FAE04EC0-301F-11D3-BF4B-00C04F79EFBC}") = "MobileCompany.BL", "MobileCompany.BL\MobileCompany.BL.csproj", "{90FD33D1-965E-452C-B681-43E3835711FB}"
EndProject
Global
	GlobalSection(SolutionConfigurationPlatforms) = preSolution
		Debug|Any CPU = Debug|Any CPU
		Release|Any CPU = Release|Any CPU
	EndGlobalSection
	GlobalSection(ProjectConfigurationPlatforms) = postSolution
		{3E1E5B38-DFCC-4679-A5C2-90A31C251301}.Debug|Any CPU.ActiveCfg = Debug|Any CPU
		{3E1E5B38-DFCC-4679-A5C2-90A31C251301}.Debug|Any CPU.Build.0 = Debug|Any CPU
		{3E1E5B38-DFCC-4679-A5C2-90A31C251301}.Release|Any CPU.ActiveCfg = Release|Any CPU
		{3E1E5B38-DFCC-4679-A5C2-90A31C251301}.Release|Any CPU.Build.0 = Release|Any CPU
		{AB0E9D53-BDB0-4B9F-8D6C-7C0A217B5502}.Debug|Any CPU.ActiveCfg = Debug|Any CPU
		{AB0E9D53-BDB0-4B9F-8D6C-7C0A217B5502}.Debug|Any CPU.Build.0 = Debug|Any CPU
		{AB0E9D53-BDB0-4B9F-8D6C-7C0A217B5502}.Release|Any CPU.ActiveCfg = Release|Any CPU
		{AB0E9D53-BDB0-4B9F-8D6C-7C0A217B5502}.Release|Any CPU.Build.0 = Release|Any CPU
		{E427DB1C-3BFA-4B54-BA8F-135F5E31C747}.Debug|Any CPU.ActiveCfg = Debug|Any CPU
		{E427DB1C-3BFA-4B54-BA8F-135F5E31C747}.Debug|Any CPU.Build.0 = Debug|Any CPU
		{E427DB1C-3BFA-4B54-BA8F-135F5E31C747}.Release|Any CPU.ActiveCfg = Release|Any CPU
		{E427DB1C-3BFA-4B54-BA8F-135F5E31C747}.Release|Any CPU.Build.0 = Release|Any CPU
		{90FD33D1-965E-452C-B681-43E3835711FB}.Debug|Any CPU.ActiveCfg = Debug|Any CPU
		{90FD33D1-965E-452C-B681-43E3835711FB}.Debug|Any CPU.Build.0 = Debug|Any CPU
		{90FD33D1-965E-452C-B681-43E3835711FB}.Release|Any CPU.ActiveCfg = Release|Any CPU
		{90FD33D1-965E-452C-B681-43E3835711FB}.Release|Any CPU.Build.0 = Release|Any CPU
	EndGlobalSection
	GlobalSection(SolutionProperties) = preSolution
		HideSolutionNode = FALSE
	EndGlobalSection
	GlobalSection(ExtensibilityGlobals) = postSolution
		SolutionGuid = {7A95DAC3-47DF-404E-809A-BFB41E22E69C}
	EndGlobalSection
EndGlobal
